// !$*UTF8*$!
{
	archiveVersion = 1;
	classes = {
	};
	objectVersion = 56;
	objects = {

/* Begin PBXBuildFile section */
		FA7C63862BB00CB8000DFFF0 /* AppDelegate.swift in Sources */ = {isa = PBXBuildFile; fileRef = FA7C63852BB00CB8000DFFF0 /* AppDelegate.swift */; };
		FA7C63882BB00CB8000DFFF0 /* SceneDelegate.swift in Sources */ = {isa = PBXBuildFile; fileRef = FA7C63872BB00CB8000DFFF0 /* SceneDelegate.swift */; };
		FA7C638A2BB00CB8000DFFF0 /* ViewController.swift in Sources */ = {isa = PBXBuildFile; fileRef = FA7C63892BB00CB8000DFFF0 /* ViewController.swift */; };
		FA7C638D2BB00CB8000DFFF0 /* Main.storyboard in Resources */ = {isa = PBXBuildFile; fileRef = FA7C638B2BB00CB8000DFFF0 /* Main.storyboard */; };
		FA7C638F2BB00CB9000DFFF0 /* Assets.xcassets in Resources */ = {isa = PBXBuildFile; fileRef = FA7C638E2BB00CB9000DFFF0 /* Assets.xcassets */; };
		FA7C63922BB00CB9000DFFF0 /* LaunchScreen.storyboard in Resources */ = {isa = PBXBuildFile; fileRef = FA7C63902BB00CB9000DFFF0 /* LaunchScreen.storyboard */; };
		FA7C639D2BB00CB9000DFFF0 /* NavigationDrawerDemoTests.swift in Sources */ = {isa = PBXBuildFile; fileRef = FA7C639C2BB00CB9000DFFF0 /* NavigationDrawerDemoTests.swift */; };
		FA7C63A72BB00CB9000DFFF0 /* NavigationDrawerDemoUITests.swift in Sources */ = {isa = PBXBuildFile; fileRef = FA7C63A62BB00CB9000DFFF0 /* NavigationDrawerDemoUITests.swift */; };
		FA7C63A92BB00CB9000DFFF0 /* NavigationDrawerDemoUITestsLaunchTests.swift in Sources */ = {isa = PBXBuildFile; fileRef = FA7C63A82BB00CB9000DFFF0 /* NavigationDrawerDemoUITestsLaunchTests.swift */; };
/* End PBXBuildFile section */

/* Begin PBXContainerItemProxy section */
		FA7C63992BB00CB9000DFFF0 /* PBXContainerItemProxy */ = {
			isa = PBXContainerItemProxy;
			containerPortal = FA7C637A2BB00CB8000DFFF0 /* Project object */;
			proxyType = 1;
			remoteGlobalIDString = FA7C63812BB00CB8000DFFF0;
			remoteInfo = NavigationDrawerDemo;
		};
		FA7C63A32BB00CB9000DFFF0 /* PBXContainerItemProxy */ = {
			isa = PBXContainerItemProxy;
			containerPortal = FA7C637A2BB00CB8000DFFF0 /* Project object */;
			proxyType = 1;
			remoteGlobalIDString = FA7C63812BB00CB8000DFFF0;
			remoteInfo = NavigationDrawerDemo;
		};
/* End PBXContainerItemProxy section */

/* Begin PBXFileReference section */
		FA7C63822BB00CB8000DFFF0 /* NavigationDrawerDemo.app */ = {isa = PBXFileReference; explicitFileType = wrapper.application; includeInIndex = 0; path = NavigationDrawerDemo.app; sourceTree = BUILT_PRODUCTS_DIR; };
		FA7C63852BB00CB8000DFFF0 /* AppDelegate.swift */ = {isa = PBXFileReference; lastKnownFileType = sourcecode.swift; path = AppDelegate.swift; sourceTree = "<group>"; };
		FA7C63872BB00CB8000DFFF0 /* SceneDelegate.swift */ = {isa = PBXFileReference; lastKnownFileType = sourcecode.swift; path = SceneDelegate.swift; sourceTree = "<group>"; };
		FA7C63892BB00CB8000DFFF0 /* ViewController.swift */ = {isa = PBXFileReference; lastKnownFileType = sourcecode.swift; path = ViewController.swift; sourceTree = "<group>"; };
		FA7C638C2BB00CB8000DFFF0 /* Base */ = {isa = PBXFileReference; lastKnownFileType = file.storyboard; name = Base; path = Base.lproj/Main.storyboard; sourceTree = "<group>"; };
		FA7C638E2BB00CB9000DFFF0 /* Assets.xcassets */ = {isa = PBXFileReference; lastKnownFileType = folder.assetcatalog; path = Assets.xcassets; sourceTree = "<group>"; };
		FA7C63912BB00CB9000DFFF0 /* Base */ = {isa = PBXFileReference; lastKnownFileType = file.storyboard; name = Base; path = Base.lproj/LaunchScreen.storyboard; sourceTree = "<group>"; };
		FA7C63932BB00CB9000DFFF0 /* Info.plist */ = {isa = PBXFileReference; lastKnownFileType = text.plist.xml; path = Info.plist; sourceTree = "<group>"; };
		FA7C63982BB00CB9000DFFF0 /* NavigationDrawerDemoTests.xctest */ = {isa = PBXFileReference; explicitFileType = wrapper.cfbundle; includeInIndex = 0; path = NavigationDrawerDemoTests.xctest; sourceTree = BUILT_PRODUCTS_DIR; };
		FA7C639C2BB00CB9000DFFF0 /* NavigationDrawerDemoTests.swift */ = {isa = PBXFileReference; lastKnownFileType = sourcecode.swift; path = NavigationDrawerDemoTests.swift; sourceTree = "<group>"; };
		FA7C63A22BB00CB9000DFFF0 /* NavigationDrawerDemoUITests.xctest */ = {isa = PBXFileReference; explicitFileType = wrapper.cfbundle; includeInIndex = 0; path = NavigationDrawerDemoUITests.xctest; sourceTree = BUILT_PRODUCTS_DIR; };
		FA7C63A62BB00CB9000DFFF0 /* NavigationDrawerDemoUITests.swift */ = {isa = PBXFileReference; lastKnownFileType = sourcecode.swift; path = NavigationDrawerDemoUITests.swift; sourceTree = "<group>"; };
		FA7C63A82BB00CB9000DFFF0 /* NavigationDrawerDemoUITestsLaunchTests.swift */ = {isa = PBXFileReference; lastKnownFileType = sourcecode.swift; path = NavigationDrawerDemoUITestsLaunchTests.swift; sourceTree = "<group>"; };
/* End PBXFileReference section */

/* Begin PBXFrameworksBuildPhase section */
		FA7C637F2BB00CB8000DFFF0 /* Frameworks */ = {
			isa = PBXFrameworksBuildPhase;
			buildActionMask = 2147483647;
			files = (
			);
			runOnlyForDeploymentPostprocessing = 0;
		};
		FA7C63952BB00CB9000DFFF0 /* Frameworks */ = {
			isa = PBXFrameworksBuildPhase;
			buildActionMask = 2147483647;
			files = (
			);
			runOnlyForDeploymentPostprocessing = 0;
		};
		FA7C639F2BB00CB9000DFFF0 /* Frameworks */ = {
			isa = PBXFrameworksBuildPhase;
			buildActionMask = 2147483647;
			files = (
			);
			runOnlyForDeploymentPostprocessing = 0;
		};
/* End PBXFrameworksBuildPhase section */

/* Begin PBXGroup section */
		FA7C63792BB00CB8000DFFF0 = {
			isa = PBXGroup;
			children = (
				FA7C63842BB00CB8000DFFF0 /* NavigationDrawerDemo */,
				FA7C639B2BB00CB9000DFFF0 /* NavigationDrawerDemoTests */,
				FA7C63A52BB00CB9000DFFF0 /* NavigationDrawerDemoUITests */,
				FA7C63832BB00CB8000DFFF0 /* Products */,
			);
			sourceTree = "<group>";
		};
		FA7C63832BB00CB8000DFFF0 /* Products */ = {
			isa = PBXGroup;
			children = (
				FA7C63822BB00CB8000DFFF0 /* NavigationDrawerDemo.app */,
				FA7C63982BB00CB9000DFFF0 /* NavigationDrawerDemoTests.xctest */,
				FA7C63A22BB00CB9000DFFF0 /* NavigationDrawerDemoUITests.xctest */,
			);
			name = Products;
			sourceTree = "<group>";
		};
		FA7C63842BB00CB8000DFFF0 /* NavigationDrawerDemo */ = {
			isa = PBXGroup;
			children = (
				FA7C63852BB00CB8000DFFF0 /* AppDelegate.swift */,
				FA7C63872BB00CB8000DFFF0 /* SceneDelegate.swift */,
				FA7C63892BB00CB8000DFFF0 /* ViewController.swift */,
				FA7C638B2BB00CB8000DFFF0 /* Main.storyboard */,
				FA7C638E2BB00CB9000DFFF0 /* Assets.xcassets */,
				FA7C63902BB00CB9000DFFF0 /* LaunchScreen.storyboard */,
				FA7C63932BB00CB9000DFFF0 /* Info.plist */,
			);
			path = NavigationDrawerDemo;
			sourceTree = "<group>";
		};
		FA7C639B2BB00CB9000DFFF0 /* NavigationDrawerDemoTests */ = {
			isa = PBXGroup;
			children = (
				FA7C639C2BB00CB9000DFFF0 /* NavigationDrawerDemoTests.swift */,
			);
			path = NavigationDrawerDemoTests;
			sourceTree = "<group>";
		};
		FA7C63A52BB00CB9000DFFF0 /* NavigationDrawerDemoUITests */ = {
			isa = PBXGroup;
			children = (
				FA7C63A62BB00CB9000DFFF0 /* NavigationDrawerDemoUITests.swift */,
				FA7C63A82BB00CB9000DFFF0 /* NavigationDrawerDemoUITestsLaunchTests.swift */,
			);
			path = NavigationDrawerDemoUITests;
			sourceTree = "<group>";
		};
/* End PBXGroup section */

/* Begin PBXNativeTarget section */
		FA7C63812BB00CB8000DFFF0 /* NavigationDrawerDemo */ = {
			isa = PBXNativeTarget;
			buildConfigurationList = FA7C63AC2BB00CB9000DFFF0 /* Build configuration list for PBXNativeTarget "NavigationDrawerDemo" */;
			buildPhases = (
				FA7C637E2BB00CB8000DFFF0 /* Sources */,
				FA7C637F2BB00CB8000DFFF0 /* Frameworks */,
				FA7C63802BB00CB8000DFFF0 /* Resources */,
			);
			buildRules = (
			);
			dependencies = (
			);
			name = NavigationDrawerDemo;
			productName = NavigationDrawerDemo;
			productReference = FA7C63822BB00CB8000DFFF0 /* NavigationDrawerDemo.app */;
			productType = "com.apple.product-type.application";
		};
		FA7C63972BB00CB9000DFFF0 /* NavigationDrawerDemoTests */ = {
			isa = PBXNativeTarget;
			buildConfigurationList = FA7C63AF2BB00CB9000DFFF0 /* Build configuration list for PBXNativeTarget "NavigationDrawerDemoTests" */;
			buildPhases = (
				FA7C63942BB00CB9000DFFF0 /* Sources */,
				FA7C63952BB00CB9000DFFF0 /* Frameworks */,
				FA7C63962BB00CB9000DFFF0 /* Resources */,
			);
			buildRules = (
			);
			dependencies = (
				FA7C639A2BB00CB9000DFFF0 /* PBXTargetDependency */,
			);
			name = NavigationDrawerDemoTests;
			productName = NavigationDrawerDemoTests;
			productReference = FA7C63982BB00CB9000DFFF0 /* NavigationDrawerDemoTests.xctest */;
			productType = "com.apple.product-type.bundle.unit-test";
		};
		FA7C63A12BB00CB9000DFFF0 /* NavigationDrawerDemoUITests */ = {
			isa = PBXNativeTarget;
			buildConfigurationList = FA7C63B22BB00CB9000DFFF0 /* Build configuration list for PBXNativeTarget "NavigationDrawerDemoUITests" */;
			buildPhases = (
				FA7C639E2BB00CB9000DFFF0 /* Sources */,
				FA7C639F2BB00CB9000DFFF0 /* Frameworks */,
				FA7C63A02BB00CB9000DFFF0 /* Resources */,
			);
			buildRules = (
			);
			dependencies = (
				FA7C63A42BB00CB9000DFFF0 /* PBXTargetDependency */,
			);
			name = NavigationDrawerDemoUITests;
			productName = NavigationDrawerDemoUITests;
			productReference = FA7C63A22BB00CB9000DFFF0 /* NavigationDrawerDemoUITests.xctest */;
			productType = "com.apple.product-type.bundle.ui-testing";
		};
/* End PBXNativeTarget section */

/* Begin PBXProject section */
		FA7C637A2BB00CB8000DFFF0 /* Project object */ = {
			isa = PBXProject;
			attributes = {
				BuildIndependentTargetsInParallel = 1;
				LastSwiftUpdateCheck = 1500;
				LastUpgradeCheck = 1500;
				TargetAttributes = {
					FA7C63812BB00CB8000DFFF0 = {
						CreatedOnToolsVersion = 15.0.1;
					};
					FA7C63972BB00CB9000DFFF0 = {
						CreatedOnToolsVersion = 15.0.1;
						TestTargetID = FA7C63812BB00CB8000DFFF0;
					};
					FA7C63A12BB00CB9000DFFF0 = {
						CreatedOnToolsVersion = 15.0.1;
						TestTargetID = FA7C63812BB00CB8000DFFF0;
					};
				};
			};
			buildConfigurationList = FA7C637D2BB00CB8000DFFF0 /* Build configuration list for PBXProject "NavigationDrawerDemo" */;
			compatibilityVersion = "Xcode 14.0";
			developmentRegion = en;
			hasScannedForEncodings = 0;
			knownRegions = (
				en,
				Base,
			);
			mainGroup = FA7C63792BB00CB8000DFFF0;
			productRefGroup = FA7C63832BB00CB8000DFFF0 /* Products */;
			projectDirPath = "";
			projectRoot = "";
			targets = (
				FA7C63812BB00CB8000DFFF0 /* NavigationDrawerDemo */,
				FA7C63972BB00CB9000DFFF0 /* NavigationDrawerDemoTests */,
				FA7C63A12BB00CB9000DFFF0 /* NavigationDrawerDemoUITests */,
			);
		};
/* End PBXProject section */

/* Begin PBXResourcesBuildPhase section */
		FA7C63802BB00CB8000DFFF0 /* Resources */ = {
			isa = PBXResourcesBuildPhase;
			buildActionMask = 2147483647;
			files = (
				FA7C63922BB00CB9000DFFF0 /* LaunchScreen.storyboard in Resources */,
				FA7C638F2BB00CB9000DFFF0 /* Assets.xcassets in Resources */,
				FA7C638D2BB00CB8000DFFF0 /* Main.storyboard in Resources */,
			);
			runOnlyForDeploymentPostprocessing = 0;
		};
		FA7C63962BB00CB9000DFFF0 /* Resources */ = {
			isa = PBXResourcesBuildPhase;
			buildActionMask = 2147483647;
			files = (
			);
			runOnlyForDeploymentPostprocessing = 0;
		};
		FA7C63A02BB00CB9000DFFF0 /* Resources */ = {
			isa = PBXResourcesBuildPhase;
			buildActionMask = 2147483647;
			files = (
			);
			runOnlyForDeploymentPostprocessing = 0;
		};
/* End PBXResourcesBuildPhase section */

/* Begin PBXSourcesBuildPhase section */
		FA7C637E2BB00CB8000DFFF0 /* Sources */ = {
			isa = PBXSourcesBuildPhase;
			buildActionMask = 2147483647;
			files = (
				FA7C638A2BB00CB8000DFFF0 /* ViewController.swift in Sources */,
				FA7C63862BB00CB8000DFFF0 /* AppDelegate.swift in Sources */,
				FA7C63882BB00CB8000DFFF0 /* SceneDelegate.swift in Sources */,
			);
			runOnlyForDeploymentPostprocessing = 0;
		};
		FA7C63942BB00CB9000DFFF0 /* Sources */ = {
			isa = PBXSourcesBuildPhase;
			buildActionMask = 2147483647;
			files = (
				FA7C639D2BB00CB9000DFFF0 /* NavigationDrawerDemoTests.swift in Sources */,
			);
			runOnlyForDeploymentPostprocessing = 0;
		};
		FA7C639E2BB00CB9000DFFF0 /* Sources */ = {
			isa = PBXSourcesBuildPhase;
			buildActionMask = 2147483647;
			files = (
				FA7C63A92BB00CB9000DFFF0 /* NavigationDrawerDemoUITestsLaunchTests.swift in Sources */,
				FA7C63A72BB00CB9000DFFF0 /* NavigationDrawerDemoUITests.swift in Sources */,
			);
			runOnlyForDeploymentPostprocessing = 0;
		};
/* End PBXSourcesBuildPhase section */

/* Begin PBXTargetDependency section */
		FA7C639A2BB00CB9000DFFF0 /* PBXTargetDependency */ = {
			isa = PBXTargetDependency;
			target = FA7C63812BB00CB8000DFFF0 /* NavigationDrawerDemo */;
			targetProxy = FA7C63992BB00CB9000DFFF0 /* PBXContainerItemProxy */;
		};
		FA7C63A42BB00CB9000DFFF0 /* PBXTargetDependency */ = {
			isa = PBXTargetDependency;
			target = FA7C63812BB00CB8000DFFF0 /* NavigationDrawerDemo */;
			targetProxy = FA7C63A32BB00CB9000DFFF0 /* PBXContainerItemProxy */;
		};
/* End PBXTargetDependency section */

/* Begin PBXVariantGroup section */
		FA7C638B2BB00CB8000DFFF0 /* Main.storyboard */ = {
			isa = PBXVariantGroup;
			children = (
				FA7C638C2BB00CB8000DFFF0 /* Base */,
			);
			name = Main.storyboard;
			sourceTree = "<group>";
		};
		FA7C63902BB00CB9000DFFF0 /* LaunchScreen.storyboard */ = {
			isa = PBXVariantGroup;
			children = (
				FA7C63912BB00CB9000DFFF0 /* Base */,
			);
			name = LaunchScreen.storyboard;
			sourceTree = "<group>";
		};
/* End PBXVariantGroup section */

/* Begin XCBuildConfiguration section */
		FA7C63AA2BB00CB9000DFFF0 /* Debug */ = {
			isa = XCBuildConfiguration;
			buildSettings = {
				ALWAYS_SEARCH_USER_PATHS = NO;
				ASSETCATALOG_COMPILER_GENERATE_SWIFT_ASSET_SYMBOL_EXTENSIONS = YES;
				CLANG_ANALYZER_NONNULL = YES;
				CLANG_ANALYZER_NUMBER_OBJECT_CONVERSION = YES_AGGRESSIVE;
				CLANG_CXX_LANGUAGE_STANDARD = "gnu++20";
				CLANG_ENABLE_MODULES = YES;
				CLANG_ENABLE_OBJC_ARC = YES;
				CLANG_ENABLE_OBJC_WEAK = YES;
				CLANG_WARN_BLOCK_CAPTURE_AUTORELEASING = YES;
				CLANG_WARN_BOOL_CONVERSION = YES;
				CLANG_WARN_COMMA = YES;
				CLANG_WARN_CONSTANT_CONVERSION = YES;
				CLANG_WARN_DEPRECATED_OBJC_IMPLEMENTATIONS = YES;
				CLANG_WARN_DIRECT_OBJC_ISA_USAGE = YES_ERROR;
				CLANG_WARN_DOCUMENTATION_COMMENTS = YES;
				CLANG_WARN_EMPTY_BODY = YES;
				CLANG_WARN_ENUM_CONVERSION = YES;
				CLANG_WARN_INFINITE_RECURSION = YES;
				CLANG_WARN_INT_CONVERSION = YES;
				CLANG_WARN_NON_LITERAL_NULL_CONVERSION = YES;
				CLANG_WARN_OBJC_IMPLICIT_RETAIN_SELF = YES;
				CLANG_WARN_OBJC_LITERAL_CONVERSION = YES;
				CLANG_WARN_OBJC_ROOT_CLASS = YES_ERROR;
				CLANG_WARN_QUOTED_INCLUDE_IN_FRAMEWORK_HEADER = YES;
				CLANG_WARN_RANGE_LOOP_ANALYSIS = YES;
				CLANG_WARN_STRICT_PROTOTYPES = YES;
				CLANG_WARN_SUSPICIOUS_MOVE = YES;
				CLANG_WARN_UNGUARDED_AVAILABILITY = YES_AGGRESSIVE;
				CLANG_WARN_UNREACHABLE_CODE = YES;
				CLANG_WARN__DUPLICATE_METHOD_MATCH = YES;
				COPY_PHASE_STRIP = NO;
				DEBUG_INFORMATION_FORMAT = dwarf;
				ENABLE_STRICT_OBJC_MSGSEND = YES;
				ENABLE_TESTABILITY = YES;
				ENABLE_USER_SCRIPT_SANDBOXING = YES;
				GCC_C_LANGUAGE_STANDARD = gnu17;
				GCC_DYNAMIC_NO_PIC = NO;
				GCC_NO_COMMON_BLOCKS = YES;
				GCC_OPTIMIZATION_LEVEL = 0;
				GCC_PREPROCESSOR_DEFINITIONS = (
					"DEBUG=1",
					"$(inherited)",
				);
				GCC_WARN_64_TO_32_BIT_CONVERSION = YES;
				GCC_WARN_ABOUT_RETURN_TYPE = YES_ERROR;
				GCC_WARN_UNDECLARED_SELECTOR = YES;
				GCC_WARN_UNINITIALIZED_AUTOS = YES_AGGRESSIVE;
				GCC_WARN_UNUSED_FUNCTION = YES;
				GCC_WARN_UNUSED_VARIABLE = YES;
				IPHONEOS_DEPLOYMENT_TARGET = 17.0;
				LOCALIZATION_PREFERS_STRING_CATALOGS = YES;
				MTL_ENABLE_DEBUG_INFO = INCLUDE_SOURCE;
				MTL_FAST_MATH = YES;
				ONLY_ACTIVE_ARCH = YES;
				SDKROOT = iphoneos;
				SWIFT_ACTIVE_COMPILATION_CONDITIONS = "DEBUG $(inherited)";
				SWIFT_OPTIMIZATION_LEVEL = "-Onone";
			};
			name = Debug;
		};
		FA7C63AB2BB00CB9000DFFF0 /* Release */ = {
			isa = XCBuildConfiguration;
			buildSettings = {
				ALWAYS_SEARCH_USER_PATHS = NO;
				ASSETCATALOG_COMPILER_GENERATE_SWIFT_ASSET_SYMBOL_EXTENSIONS = YES;
				CLANG_ANALYZER_NONNULL = YES;
				CLANG_ANALYZER_NUMBER_OBJECT_CONVERSION = YES_AGGRESSIVE;
				CLANG_CXX_LANGUAGE_STANDARD = "gnu++20";
				CLANG_ENABLE_MODULES = YES;
				CLANG_ENABLE_OBJC_ARC = YES;
				CLANG_ENABLE_OBJC_WEAK = YES;
				CLANG_WARN_BLOCK_CAPTURE_AUTORELEASING = YES;
				CLANG_WARN_BOOL_CONVERSION = YES;
				CLANG_WARN_COMMA = YES;
				CLANG_WARN_CONSTANT_CONVERSION = YES;
				CLANG_WARN_DEPRECATED_OBJC_IMPLEMENTATIONS = YES;
				CLANG_WARN_DIRECT_OBJC_ISA_USAGE = YES_ERROR;
				CLANG_WARN_DOCUMENTATION_COMMENTS = YES;
				CLANG_WARN_EMPTY_BODY = YES;
				CLANG_WARN_ENUM_CONVERSION = YES;
				CLANG_WARN_INFINITE_RECURSION = YES;
				CLANG_WARN_INT_CONVERSION = YES;
				CLANG_WARN_NON_LITERAL_NULL_CONVERSION = YES;
				CLANG_WARN_OBJC_IMPLICIT_RETAIN_SELF = YES;
				CLANG_WARN_OBJC_LITERAL_CONVERSION = YES;
				CLANG_WARN_OBJC_ROOT_CLASS = YES_ERROR;
				CLANG_WARN_QUOTED_INCLUDE_IN_FRAMEWORK_HEADER = YES;
				CLANG_WARN_RANGE_LOOP_ANALYSIS = YES;
				CLANG_WARN_STRICT_PROTOTYPES = YES;
				CLANG_WARN_SUSPICIOUS_MOVE = YES;
				CLANG_WARN_UNGUARDED_AVAILABILITY = YES_AGGRESSIVE;
				CLANG_WARN_UNREACHABLE_CODE = YES;
				CLANG_WARN__DUPLICATE_METHOD_MATCH = YES;
				COPY_PHASE_STRIP = NO;
				DEBUG_INFORMATION_FORMAT = "dwarf-with-dsym";
				ENABLE_NS_ASSERTIONS = NO;
				ENABLE_STRICT_OBJC_MSGSEND = YES;
				ENABLE_USER_SCRIPT_SANDBOXING = YES;
				GCC_C_LANGUAGE_STANDARD = gnu17;
				GCC_NO_COMMON_BLOCKS = YES;
				GCC_WARN_64_TO_32_BIT_CONVERSION = YES;
				GCC_WARN_ABOUT_RETURN_TYPE = YES_ERROR;
				GCC_WARN_UNDECLARED_SELECTOR = YES;
				GCC_WARN_UNINITIALIZED_AUTOS = YES_AGGRESSIVE;
				GCC_WARN_UNUSED_FUNCTION = YES;
				GCC_WARN_UNUSED_VARIABLE = YES;
				IPHONEOS_DEPLOYMENT_TARGET = 17.0;
				LOCALIZATION_PREFERS_STRING_CATALOGS = YES;
				MTL_ENABLE_DEBUG_INFO = NO;
				MTL_FAST_MATH = YES;
				SDKROOT = iphoneos;
				SWIFT_COMPILATION_MODE = wholemodule;
				VALIDATE_PRODUCT = YES;
			};
			name = Release;
		};
		FA7C63AD2BB00CB9000DFFF0 /* Debug */ = {
			isa = XCBuildConfiguration;
			buildSettings = {
				ASSETCATALOG_COMPILER_APPICON_NAME = AppIcon;
				ASSETCATALOG_COMPILER_GLOBAL_ACCENT_COLOR_NAME = AccentColor;
				CODE_SIGN_STYLE = Automatic;
				CURRENT_PROJECT_VERSION = 1;
				DEVELOPMENT_TEAM = A2KT8CVF73;
				GENERATE_INFOPLIST_FILE = YES;
				INFOPLIST_FILE = NavigationDrawerDemo/Info.plist;
				INFOPLIST_KEY_UIApplicationSupportsIndirectInputEvents = YES;
				INFOPLIST_KEY_UILaunchStoryboardName = LaunchScreen;
				INFOPLIST_KEY_UIMainStoryboardFile = Main;
				INFOPLIST_KEY_UISupportedInterfaceOrientations_iPad = "UIInterfaceOrientationPortrait UIInterfaceOrientationPortraitUpsideDown UIInterfaceOrientationLandscapeLeft UIInterfaceOrientationLandscapeRight";
				INFOPLIST_KEY_UISupportedInterfaceOrientations_iPhone = "UIInterfaceOrientationPortrait UIInterfaceOrientationLandscapeLeft UIInterfaceOrientationLandscapeRight";
				LD_RUNPATH_SEARCH_PATHS = (
					"$(inherited)",
					"@executable_path/Frameworks",
				);
				MARKETING_VERSION = 1.0;
				PRODUCT_BUNDLE_IDENTIFIER = com.rehnuma.NavigationDrawerDemo;
				PRODUCT_NAME = "$(TARGET_NAME)";
				SWIFT_EMIT_LOC_STRINGS = YES;
				SWIFT_VERSION = 5.0;
				TARGETED_DEVICE_FAMILY = "1,2";
			};
			name = Debug;
		};
		FA7C63AE2BB00CB9000DFFF0 /* Release */ = {
			isa = XCBuildConfiguration;
			buildSettings = {
				ASSETCATALOG_COMPILER_APPICON_NAME = AppIcon;
				ASSETCATALOG_COMPILER_GLOBAL_ACCENT_COLOR_NAME = AccentColor;
				CODE_SIGN_STYLE = Automatic;
				CURRENT_PROJECT_VERSION = 1;
				DEVELOPMENT_TEAM = A2KT8CVF73;
				GENERATE_INFOPLIST_FILE = YES;
				INFOPLIST_FILE = NavigationDrawerDemo/Info.plist;
				INFOPLIST_KEY_UIApplicationSupportsIndirectInputEvents = YES;
				INFOPLIST_KEY_UILaunchStoryboardName = LaunchScreen;
				INFOPLIST_KEY_UIMainStoryboardFile = Main;
				INFOPLIST_KEY_UISupportedInterfaceOrientations_iPad = "UIInterfaceOrientationPortrait UIInterfaceOrientationPortraitUpsideDown UIInterfaceOrientationLandscapeLeft UIInterfaceOrientationLandscapeRight";
				INFOPLIST_KEY_UISupportedInterfaceOrientations_iPhone = "UIInterfaceOrientationPortrait UIInterfaceOrientationLandscapeLeft UIInterfaceOrientationLandscapeRight";
				LD_RUNPATH_SEARCH_PATHS = (
					"$(inherited)",
					"@executable_path/Frameworks",
				);
				MARKETING_VERSION = 1.0;
				PRODUCT_BUNDLE_IDENTIFIER = com.rehnuma.NavigationDrawerDemo;
				PRODUCT_NAME = "$(TARGET_NAME)";
				SWIFT_EMIT_LOC_STRINGS = YES;
				SWIFT_VERSION = 5.0;
				TARGETED_DEVICE_FAMILY = "1,2";
			};
			name = Release;
		};
		FA7C63B02BB00CB9000DFFF0 /* Debug */ = {
			isa = XCBuildConfiguration;
			buildSettings = {
				ALWAYS_EMBED_SWIFT_STANDARD_LIBRARIES = YES;
				BUNDLE_LOADER = "$(TEST_HOST)";
				CODE_SIGN_STYLE = Automatic;
				CURRENT_PROJECT_VERSION = 1;
				DEVELOPMENT_TEAM = A2KT8CVF73;
				GENERATE_INFOPLIST_FILE = YES;
				IPHONEOS_DEPLOYMENT_TARGET = 17.0;
				MARKETING_VERSION = 1.0;
				PRODUCT_BUNDLE_IDENTIFIER = com.rehnuma.NavigationDrawerDemoTests;
				PRODUCT_NAME = "$(TARGET_NAME)";
				SWIFT_EMIT_LOC_STRINGS = NO;
				SWIFT_VERSION = 5.0;
				TARGETED_DEVICE_FAMILY = "1,2";
				TEST_HOST = "$(BUILT_PRODUCTS_DIR)/NavigationDrawerDemo.app/$(BUNDLE_EXECUTABLE_FOLDER_PATH)/NavigationDrawerDemo";
			};
			name = Debug;
		};
		FA7C63B12BB00CB9000DFFF0 /* Release */ = {
			isa = XCBuildConfiguration;
			buildSettings = {
				ALWAYS_EMBED_SWIFT_STANDARD_LIBRARIES = YES;
				BUNDLE_LOADER = "$(TEST_HOST)";
				CODE_SIGN_STYLE = Automatic;
				CURRENT_PROJECT_VERSION = 1;
				DEVELOPMENT_TEAM = A2KT8CVF73;
				GENERATE_INFOPLIST_FILE = YES;
				IPHONEOS_DEPLOYMENT_TARGET = 17.0;
				MARKETING_VERSION = 1.0;
				PRODUCT_BUNDLE_IDENTIFIER = com.rehnuma.NavigationDrawerDemoTests;
				PRODUCT_NAME = "$(TARGET_NAME)";
				SWIFT_EMIT_LOC_STRINGS = NO;
				SWIFT_VERSION = 5.0;
				TARGETED_DEVICE_FAMILY = "1,2";
				TEST_HOST = "$(BUILT_PRODUCTS_DIR)/NavigationDrawerDemo.app/$(BUNDLE_EXECUTABLE_FOLDER_PATH)/NavigationDrawerDemo";
			};
			name = Release;
		};
		FA7C63B32BB00CB9000DFFF0 /* Debug */ = {
			isa = XCBuildConfiguration;
			buildSettings = {
				ALWAYS_EMBED_SWIFT_STANDARD_LIBRARIES = YES;
				CODE_SIGN_STYLE = Automatic;
				CURRENT_PROJECT_VERSION = 1;
				DEVELOPMENT_TEAM = A2KT8CVF73;
				GENERATE_INFOPLIST_FILE = YES;
				MARKETING_VERSION = 1.0;
				PRODUCT_BUNDLE_IDENTIFIER = com.rehnuma.NavigationDrawerDemoUITests;
				PRODUCT_NAME = "$(TARGET_NAME)";
				SWIFT_EMIT_LOC_STRINGS = NO;
				SWIFT_VERSION = 5.0;
				TARGETED_DEVICE_FAMILY = "1,2";
				TEST_TARGET_NAME = NavigationDrawerDemo;
			};
			name = Debug;
		};
		FA7C63B42BB00CB9000DFFF0 /* Release */ = {
			isa = XCBuildConfiguration;
			buildSettings = {
				ALWAYS_EMBED_SWIFT_STANDARD_LIBRARIES = YES;
				CODE_SIGN_STYLE = Automatic;
				CURRENT_PROJECT_VERSION = 1;
				DEVELOPMENT_TEAM = A2KT8CVF73;
				GENERATE_INFOPLIST_FILE = YES;
				MARKETING_VERSION = 1.0;
				PRODUCT_BUNDLE_IDENTIFIER = com.rehnuma.NavigationDrawerDemoUITests;
				PRODUCT_NAME = "$(TARGET_NAME)";
				SWIFT_EMIT_LOC_STRINGS = NO;
				SWIFT_VERSION = 5.0;
				TARGETED_DEVICE_FAMILY = "1,2";
				TEST_TARGET_NAME = NavigationDrawerDemo;
			};
			name = Release;
		};
/* End XCBuildConfiguration section */

/* Begin XCConfigurationList section */
		FA7C637D2BB00CB8000DFFF0 /* Build configuration list for PBXProject "NavigationDrawerDemo" */ = {
			isa = XCConfigurationList;
			buildConfigurations = (
				FA7C63AA2BB00CB9000DFFF0 /* Debug */,
				FA7C63AB2BB00CB9000DFFF0 /* Release */,
			);
			defaultConfigurationIsVisible = 0;
			defaultConfigurationName = Release;
		};
		FA7C63AC2BB00CB9000DFFF0 /* Build configuration list for PBXNativeTarget "NavigationDrawerDemo" */ = {
			isa = XCConfigurationList;
			buildConfigurations = (
				FA7C63AD2BB00CB9000DFFF0 /* Debug */,
				FA7C63AE2BB00CB9000DFFF0 /* Release */,
			);
			defaultConfigurationIsVisible = 0;
			defaultConfigurationName = Release;
		};
		FA7C63AF2BB00CB9000DFFF0 /* Build configuration list for PBXNativeTarget "NavigationDrawerDemoTests" */ = {
			isa = XCConfigurationList;
			buildConfigurations = (
				FA7C63B02BB00CB9000DFFF0 /* Debug */,
				FA7C63B12BB00CB9000DFFF0 /* Release */,
			);
			defaultConfigurationIsVisible = 0;
			defaultConfigurationName = Release;
		};
		FA7C63B22BB00CB9000DFFF0 /* Build configuration list for PBXNativeTarget "NavigationDrawerDemoUITests" */ = {
			isa = XCConfigurationList;
			buildConfigurations = (
				FA7C63B32BB00CB9000DFFF0 /* Debug */,
				FA7C63B42BB00CB9000DFFF0 /* Release */,
			);
			defaultConfigurationIsVisible = 0;
			defaultConfigurationName = Release;
		};
/* End XCConfigurationList section */
	};
	rootObject = FA7C637A2BB00CB8000DFFF0 /* Project object */;
}
